// !$*UTF8*$!
{
	archiveVersion = 1;
	classes = {
	};
	objectVersion = 50;
	objects = {

/* Begin PBXBuildFile section */
		5F04982626A6DC0F000779A0 /* AppDelegate.swift in Sources */ = {isa = PBXBuildFile; fileRef = 5F04982526A6DC0F000779A0 /* AppDelegate.swift */; };
		5F04982826A6DC0F000779A0 /* SceneDelegate.swift in Sources */ = {isa = PBXBuildFile; fileRef = 5F04982726A6DC0F000779A0 /* SceneDelegate.swift */; };
		5F04982A26A6DC0F000779A0 /* ViewController.swift in Sources */ = {isa = PBXBuildFile; fileRef = 5F04982926A6DC0F000779A0 /* ViewController.swift */; };
		5F04982D26A6DC0F000779A0 /* Main.storyboard in Resources */ = {isa = PBXBuildFile; fileRef = 5F04982B26A6DC0F000779A0 /* Main.storyboard */; };
		5F04982F26A6DC12000779A0 /* Assets.xcassets in Resources */ = {isa = PBXBuildFile; fileRef = 5F04982E26A6DC12000779A0 /* Assets.xcassets */; };
		5F04983226A6DC12000779A0 /* LaunchScreen.storyboard in Resources */ = {isa = PBXBuildFile; fileRef = 5F04983026A6DC12000779A0 /* LaunchScreen.storyboard */; };
		5F92975826A8235400C89992 /* WeatherManager.swift in Sources */ = {isa = PBXBuildFile; fileRef = 5F92975726A8235400C89992 /* WeatherManager.swift */; };
		5F92975A26A8397600C89992 /* WeatherData.swift in Sources */ = {isa = PBXBuildFile; fileRef = 5F92975926A8397600C89992 /* WeatherData.swift */; };
		5F92975C26A847D000C89992 /* WeatherModel.swift in Sources */ = {isa = PBXBuildFile; fileRef = 5F92975B26A847D000C89992 /* WeatherModel.swift */; };
		5FBC97E426A7659E00AAE58D /* SearchViewController.swift in Sources */ = {isa = PBXBuildFile; fileRef = 5FBC97E326A7659E00AAE58D /* SearchViewController.swift */; };
/* End PBXBuildFile section */

/* Begin PBXFileReference section */
		5F04982226A6DC0F000779A0 /* WeatherApp.app */ = {isa = PBXFileReference; explicitFileType = wrapper.application; includeInIndex = 0; path = WeatherApp.app; sourceTree = BUILT_PRODUCTS_DIR; };
		5F04982526A6DC0F000779A0 /* AppDelegate.swift */ = {isa = PBXFileReference; lastKnownFileType = sourcecode.swift; path = AppDelegate.swift; sourceTree = "<group>"; };
		5F04982726A6DC0F000779A0 /* SceneDelegate.swift */ = {isa = PBXFileReference; lastKnownFileType = sourcecode.swift; path = SceneDelegate.swift; sourceTree = "<group>"; };
		5F04982926A6DC0F000779A0 /* ViewController.swift */ = {isa = PBXFileReference; lastKnownFileType = sourcecode.swift; path = ViewController.swift; sourceTree = "<group>"; };
		5F04982C26A6DC0F000779A0 /* Base */ = {isa = PBXFileReference; lastKnownFileType = file.storyboard; name = Base; path = Base.lproj/Main.storyboard; sourceTree = "<group>"; };
		5F04982E26A6DC12000779A0 /* Assets.xcassets */ = {isa = PBXFileReference; lastKnownFileType = folder.assetcatalog; path = Assets.xcassets; sourceTree = "<group>"; };
		5F04983126A6DC12000779A0 /* Base */ = {isa = PBXFileReference; lastKnownFileType = file.storyboard; name = Base; path = Base.lproj/LaunchScreen.storyboard; sourceTree = "<group>"; };
		5F04983326A6DC12000779A0 /* Info.plist */ = {isa = PBXFileReference; lastKnownFileType = text.plist.xml; path = Info.plist; sourceTree = "<group>"; };
		5F92975726A8235400C89992 /* WeatherManager.swift */ = {isa = PBXFileReference; lastKnownFileType = sourcecode.swift; path = WeatherManager.swift; sourceTree = "<group>"; };
		5F92975926A8397600C89992 /* WeatherData.swift */ = {isa = PBXFileReference; lastKnownFileType = sourcecode.swift; path = WeatherData.swift; sourceTree = "<group>"; };
		5F92975B26A847D000C89992 /* WeatherModel.swift */ = {isa = PBXFileReference; lastKnownFileType = sourcecode.swift; path = WeatherModel.swift; sourceTree = "<group>"; };
		5FBC97E326A7659E00AAE58D /* SearchViewController.swift */ = {isa = PBXFileReference; lastKnownFileType = sourcecode.swift; path = SearchViewController.swift; sourceTree = "<group>"; };
/* End PBXFileReference section */

/* Begin PBXFrameworksBuildPhase section */
		5F04981F26A6DC0F000779A0 /* Frameworks */ = {
			isa = PBXFrameworksBuildPhase;
			buildActionMask = 2147483647;
			files = (
			);
			runOnlyForDeploymentPostprocessing = 0;
		};
/* End PBXFrameworksBuildPhase section */

/* Begin PBXGroup section */
		5F04981926A6DC0F000779A0 = {
			isa = PBXGroup;
			children = (
				5F04982426A6DC0F000779A0 /* WeatherApp */,
				5F04982326A6DC0F000779A0 /* Products */,
			);
			sourceTree = "<group>";
		};
		5F04982326A6DC0F000779A0 /* Products */ = {
			isa = PBXGroup;
			children = (
				5F04982226A6DC0F000779A0 /* WeatherApp.app */,
			);
			name = Products;
			sourceTree = "<group>";
		};
		5F04982426A6DC0F000779A0 /* WeatherApp */ = {
			isa = PBXGroup;
			children = (
				5F04982526A6DC0F000779A0 /* AppDelegate.swift */,
				5F04982726A6DC0F000779A0 /* SceneDelegate.swift */,
				5F92975D26A8A81800C89992 /* Model */,
				5F92975E26A8A86C00C89992 /* View */,
				5F92975F26A8A8CD00C89992 /* Controller */,
				5F04982E26A6DC12000779A0 /* Assets.xcassets */,
				5F04983026A6DC12000779A0 /* LaunchScreen.storyboard */,
				5F04983326A6DC12000779A0 /* Info.plist */,
			);
			path = WeatherApp;
			sourceTree = "<group>";
		};
		5F92975D26A8A81800C89992 /* Model */ = {
			isa = PBXGroup;
			children = (
				5F92975926A8397600C89992 /* WeatherData.swift */,
				5F92975726A8235400C89992 /* WeatherManager.swift */,
				5F92975B26A847D000C89992 /* WeatherModel.swift */,
			);
			path = Model;
			sourceTree = "<group>";
		};
		5F92975E26A8A86C00C89992 /* View */ = {
			isa = PBXGroup;
			children = (
				5F04982B26A6DC0F000779A0 /* Main.storyboard */,
			);
			path = View;
			sourceTree = "<group>";
		};
		5F92975F26A8A8CD00C89992 /* Controller */ = {
			isa = PBXGroup;
			children = (
				5FBC97E326A7659E00AAE58D /* SearchViewController.swift */,
				5F04982926A6DC0F000779A0 /* ViewController.swift */,
			);
			path = Controller;
			sourceTree = "<group>";
		};
/* End PBXGroup section */

/* Begin PBXNativeTarget section */
		5F04982126A6DC0F000779A0 /* WeatherApp */ = {
			isa = PBXNativeTarget;
			buildConfigurationList = 5F04983626A6DC12000779A0 /* Build configuration list for PBXNativeTarget "WeatherApp" */;
			buildPhases = (
				5F04981E26A6DC0F000779A0 /* Sources */,
				5F04981F26A6DC0F000779A0 /* Frameworks */,
				5F04982026A6DC0F000779A0 /* Resources */,
			);
			buildRules = (
			);
			dependencies = (
			);
			name = WeatherApp;
			productName = WeatherApp;
			productReference = 5F04982226A6DC0F000779A0 /* WeatherApp.app */;
			productType = "com.apple.product-type.application";
		};
/* End PBXNativeTarget section */

/* Begin PBXProject section */
		5F04981A26A6DC0F000779A0 /* Project object */ = {
			isa = PBXProject;
			attributes = {
				LastSwiftUpdateCheck = 1250;
				LastUpgradeCheck = 1250;
				TargetAttributes = {
					5F04982126A6DC0F000779A0 = {
						CreatedOnToolsVersion = 12.5.1;
					};
				};
			};
			buildConfigurationList = 5F04981D26A6DC0F000779A0 /* Build configuration list for PBXProject "WeatherApp" */;
			compatibilityVersion = "Xcode 9.3";
			developmentRegion = en;
			hasScannedForEncodings = 0;
			knownRegions = (
				en,
				Base,
			);
			mainGroup = 5F04981926A6DC0F000779A0;
			productRefGroup = 5F04982326A6DC0F000779A0 /* Products */;
			projectDirPath = "";
			projectRoot = "";
			targets = (
				5F04982126A6DC0F000779A0 /* WeatherApp */,
			);
		};
/* End PBXProject section */

/* Begin PBXResourcesBuildPhase section */
		5F04982026A6DC0F000779A0 /* Resources */ = {
			isa = PBXResourcesBuildPhase;
			buildActionMask = 2147483647;
			files = (
				5F04983226A6DC12000779A0 /* LaunchScreen.storyboard in Resources */,
				5F04982F26A6DC12000779A0 /* Assets.xcassets in Resources */,
				5F04982D26A6DC0F000779A0 /* Main.storyboard in Resources */,
			);
			runOnlyForDeploymentPostprocessing = 0;
		};
/* End PBXResourcesBuildPhase section */

/* Begin PBXSourcesBuildPhase section */
		5F04981E26A6DC0F000779A0 /* Sources */ = {
			isa = PBXSourcesBuildPhase;
			buildActionMask = 2147483647;
			files = (
				5F04982A26A6DC0F000779A0 /* ViewController.swift in Sources */,
				5F04982626A6DC0F000779A0 /* AppDelegate.swift in Sources */,
				5F92975826A8235400C89992 /* WeatherManager.swift in Sources */,
				5F92975C26A847D000C89992 /* WeatherModel.swift in Sources */,
				5F04982826A6DC0F000779A0 /* SceneDelegate.swift in Sources */,
				5F92975A26A8397600C89992 /* WeatherData.swift in Sources */,
				5FBC97E426A7659E00AAE58D /* SearchViewController.swift in Sources */,
			);
			runOnlyForDeploymentPostprocessing = 0;
		};
/* End PBXSourcesBuildPhase section */

/* Begin PBXVariantGroup section */
		5F04982B26A6DC0F000779A0 /* Main.storyboard */ = {
			isa = PBXVariantGroup;
			children = (
				5F04982C26A6DC0F000779A0 /* Base */,
			);
			name = Main.storyboard;
			sourceTree = "<group>";
		};
		5F04983026A6DC12000779A0 /* LaunchScreen.storyboard */ = {
			isa = PBXVariantGroup;
			children = (
				5F04983126A6DC12000779A0 /* Base */,
			);
			name = LaunchScreen.storyboard;
			sourceTree = "<group>";
		};
/* End PBXVariantGroup section */

/* Begin XCBuildConfiguration section */
		5F04983426A6DC12000779A0 /* Debug */ = {
			isa = XCBuildConfiguration;
			buildSettings = {
				ALWAYS_SEARCH_USER_PATHS = NO;
				CLANG_ANALYZER_NONNULL = YES;
				CLANG_ANALYZER_NUMBER_OBJECT_CONVERSION = YES_AGGRESSIVE;
				CLANG_CXX_LANGUAGE_STANDARD = "gnu++14";
				CLANG_CXX_LIBRARY = "libc++";
				CLANG_ENABLE_MODULES = YES;
				CLANG_ENABLE_OBJC_ARC = YES;
				CLANG_ENABLE_OBJC_WEAK = YES;
				CLANG_WARN_BLOCK_CAPTURE_AUTORELEASING = YES;
				CLANG_WARN_BOOL_CONVERSION = YES;
				CLANG_WARN_COMMA = YES;
				CLANG_WARN_CONSTANT_CONVERSION = YES;
				CLANG_WARN_DEPRECATED_OBJC_IMPLEMENTATIONS = YES;
				CLANG_WARN_DIRECT_OBJC_ISA_USAGE = YES_ERROR;
				CLANG_WARN_DOCUMENTATION_COMMENTS = YES;
				CLANG_WARN_EMPTY_BODY = YES;
				CLANG_WARN_ENUM_CONVERSION = YES;
				CLANG_WARN_INFINITE_RECURSION = YES;
				CLANG_WARN_INT_CONVERSION = YES;
				CLANG_WARN_NON_LITERAL_NULL_CONVERSION = YES;
				CLANG_WARN_OBJC_IMPLICIT_RETAIN_SELF = YES;
				CLANG_WARN_OBJC_LITERAL_CONVERSION = YES;
				CLANG_WARN_OBJC_ROOT_CLASS = YES_ERROR;
				CLANG_WARN_QUOTED_INCLUDE_IN_FRAMEWORK_HEADER = YES;
				CLANG_WARN_RANGE_LOOP_ANALYSIS = YES;
				CLANG_WARN_STRICT_PROTOTYPES = YES;
				CLANG_WARN_SUSPICIOUS_MOVE = YES;
				CLANG_WARN_UNGUARDED_AVAILABILITY = YES_AGGRESSIVE;
				CLANG_WARN_UNREACHABLE_CODE = YES;
				CLANG_WARN__DUPLICATE_METHOD_MATCH = YES;
				COPY_PHASE_STRIP = NO;
				DEBUG_INFORMATION_FORMAT = dwarf;
				ENABLE_STRICT_OBJC_MSGSEND = YES;
				ENABLE_TESTABILITY = YES;
				GCC_C_LANGUAGE_STANDARD = gnu11;
				GCC_DYNAMIC_NO_PIC = NO;
				GCC_NO_COMMON_BLOCKS = YES;
				GCC_OPTIMIZATION_LEVEL = 0;
				GCC_PREPROCESSOR_DEFINITIONS = (
					"DEBUG=1",
					"$(inherited)",
				);
				GCC_WARN_64_TO_32_BIT_CONVERSION = YES;
				GCC_WARN_ABOUT_RETURN_TYPE = YES_ERROR;
				GCC_WARN_UNDECLARED_SELECTOR = YES;
				GCC_WARN_UNINITIALIZED_AUTOS = YES_AGGRESSIVE;
				GCC_WARN_UNUSED_FUNCTION = YES;
				GCC_WARN_UNUSED_VARIABLE = YES;
				IPHONEOS_DEPLOYMENT_TARGET = 14.5;
				MTL_ENABLE_DEBUG_INFO = INCLUDE_SOURCE;
				MTL_FAST_MATH = YES;
				ONLY_ACTIVE_ARCH = YES;
				SDKROOT = iphoneos;
				SWIFT_ACTIVE_COMPILATION_CONDITIONS = DEBUG;
				SWIFT_OPTIMIZATION_LEVEL = "-Onone";
			};
			name = Debug;
		};
		5F04983526A6DC12000779A0 /* Release */ = {
			isa = XCBuildConfiguration;
			buildSettings = {
				ALWAYS_SEARCH_USER_PATHS = NO;
				CLANG_ANALYZER_NONNULL = YES;
				CLANG_ANALYZER_NUMBER_OBJECT_CONVERSION = YES_AGGRESSIVE;
				CLANG_CXX_LANGUAGE_STANDARD = "gnu++14";
				CLANG_CXX_LIBRARY = "libc++";
				CLANG_ENABLE_MODULES = YES;
				CLANG_ENABLE_OBJC_ARC = YES;
				CLANG_ENABLE_OBJC_WEAK = YES;
				CLANG_WARN_BLOCK_CAPTURE_AUTORELEASING = YES;
				CLANG_WARN_BOOL_CONVERSION = YES;
				CLANG_WARN_COMMA = YES;
				CLANG_WARN_CONSTANT_CONVERSION = YES;
				CLANG_WARN_DEPRECATED_OBJC_IMPLEMENTATIONS = YES;
				CLANG_WARN_DIRECT_OBJC_ISA_USAGE = YES_ERROR;
				CLANG_WARN_DOCUMENTATION_COMMENTS = YES;
				CLANG_WARN_EMPTY_BODY = YES;
				CLANG_WARN_ENUM_CONVERSION = YES;
				CLANG_WARN_INFINITE_RECURSION = YES;
				CLANG_WARN_INT_CONVERSION = YES;
				CLANG_WARN_NON_LITERAL_NULL_CONVERSION = YES;
				CLANG_WARN_OBJC_IMPLICIT_RETAIN_SELF = YES;
				CLANG_WARN_OBJC_LITERAL_CONVERSION = YES;
				CLANG_WARN_OBJC_ROOT_CLASS = YES_ERROR;
				CLANG_WARN_QUOTED_INCLUDE_IN_FRAMEWORK_HEADER = YES;
				CLANG_WARN_RANGE_LOOP_ANALYSIS = YES;
				CLANG_WARN_STRICT_PROTOTYPES = YES;
				CLANG_WARN_SUSPICIOUS_MOVE = YES;
				CLANG_WARN_UNGUARDED_AVAILABILITY = YES_AGGRESSIVE;
				CLANG_WARN_UNREACHABLE_CODE = YES;
				CLANG_WARN__DUPLICATE_METHOD_MATCH = YES;
				COPY_PHASE_STRIP = NO;
				DEBUG_INFORMATION_FORMAT = "dwarf-with-dsym";
				ENABLE_NS_ASSERTIONS = NO;
				ENABLE_STRICT_OBJC_MSGSEND = YES;
				GCC_C_LANGUAGE_STANDARD = gnu11;
				GCC_NO_COMMON_BLOCKS = YES;
				GCC_WARN_64_TO_32_BIT_CONVERSION = YES;
				GCC_WARN_ABOUT_RETURN_TYPE = YES_ERROR;
				GCC_WARN_UNDECLARED_SELECTOR = YES;
				GCC_WARN_UNINITIALIZED_AUTOS = YES_AGGRESSIVE;
				GCC_WARN_UNUSED_FUNCTION = YES;
				GCC_WARN_UNUSED_VARIABLE = YES;
				IPHONEOS_DEPLOYMENT_TARGET = 14.5;
				MTL_ENABLE_DEBUG_INFO = NO;
				MTL_FAST_MATH = YES;
				SDKROOT = iphoneos;
				SWIFT_COMPILATION_MODE = wholemodule;
				SWIFT_OPTIMIZATION_LEVEL = "-O";
				VALIDATE_PRODUCT = YES;
			};
			name = Release;
		};
		5F04983726A6DC12000779A0 /* Debug */ = {
			isa = XCBuildConfiguration;
			buildSettings = {
				ASSETCATALOG_COMPILER_APPICON_NAME = "AppIcon-1";
				ASSETCATALOG_COMPILER_GLOBAL_ACCENT_COLOR_NAME = AccentColor;
				CODE_SIGN_STYLE = Automatic;
				DEVELOPMENT_TEAM = 2SR9V3JP8G;
				INFOPLIST_FILE = WeatherApp/Info.plist;
				IPHONEOS_DEPLOYMENT_TARGET = 13.0;
				LD_RUNPATH_SEARCH_PATHS = (
					"$(inherited)",
					"@executable_path/Frameworks",
				);
				PRODUCT_BUNDLE_IDENTIFIER = com.patrikk.s23.WeatherApp;
				PRODUCT_NAME = "$(TARGET_NAME)";
				SWIFT_VERSION = 5.0;
				TARGETED_DEVICE_FAMILY = "1,2";
			};
			name = Debug;
		};
		5F04983826A6DC12000779A0 /* Release */ = {
			isa = XCBuildConfiguration;
			buildSettings = {
				ASSETCATALOG_COMPILER_APPICON_NAME = "AppIcon-1";
				ASSETCATALOG_COMPILER_GLOBAL_ACCENT_COLOR_NAME = AccentColor;
				CODE_SIGN_STYLE = Automatic;
				DEVELOPMENT_TEAM = 2SR9V3JP8G;
				INFOPLIST_FILE = WeatherApp/Info.plist;
				IPHONEOS_DEPLOYMENT_TARGET = 13.0;
				LD_RUNPATH_SEARCH_PATHS = (
					"$(inherited)",
					"@executable_path/Frameworks",
				);
				PRODUCT_BUNDLE_IDENTIFIER = com.patrikk.s23.WeatherApp;
				PRODUCT_NAME = "$(TARGET_NAME)";
				SWIFT_VERSION = 5.0;
				TARGETED_DEVICE_FAMILY = "1,2";
			};
			name = Release;
		};
/* End XCBuildConfiguration section */

/* Begin XCConfigurationList section */
		5F04981D26A6DC0F000779A0 /* Build configuration list for PBXProject "WeatherApp" */ = {
			isa = XCConfigurationList;
			buildConfigurations = (
				5F04983426A6DC12000779A0 /* Debug */,
				5F04983526A6DC12000779A0 /* Release */,
			);
			defaultConfigurationIsVisible = 0;
			defaultConfigurationName = Release;
		};
		5F04983626A6DC12000779A0 /* Build configuration list for PBXNativeTarget "WeatherApp" */ = {
			isa = XCConfigurationList;
			buildConfigurations = (
				5F04983726A6DC12000779A0 /* Debug */,
				5F04983826A6DC12000779A0 /* Release */,
			);
			defaultConfigurationIsVisible = 0;
			defaultConfigurationName = Release;
		};
/* End XCConfigurationList section */
	};
	rootObject = 5F04981A26A6DC0F000779A0 /* Project object */;
}
